
Microsoft Visual Studio Solution File, Format Version 12.00
# Visual Studio Version 17
VisualStudioVersion = 17.2.32505.173
MinimumVisualStudioVersion = 10.0.40219.1
Project("{FAE04EC0-301F-11D3-BF4B-00C04F79EFBC}") = "MatchGame", "MatchGame.csproj", "{73955875-22EC-41C1-B66F-5FB131F1E169}"
EndProject
Global
	GlobalSection(SolutionConfigurationPlatforms) = preSolution
		Debug|Any CPU = Debug|Any CPU
		Release|Any CPU = Release|Any CPU
	EndGlobalSection
	GlobalSection(ProjectConfigurationPlatforms) = postSolution
		{73955875-22EC-41C1-B66F-5FB131F1E169}.Debug|Any CPU.ActiveCfg = Debug|Any CPU
		{73955875-22EC-41C1-B66F-5FB131F1E169}.Debug|Any CPU.Build.0 = Debug|Any CPU
		{73955875-22EC-41C1-B66F-5FB131F1E169}.Release|Any CPU.ActiveCfg = Release|Any CPU
		{73955875-22EC-41C1-B66F-5FB131F1E169}.Release|Any CPU.Build.0 = Release|Any CPU
	EndGlobalSection
	GlobalSection(SolutionProperties) = preSolution
		HideSolutionNode = FALSE
	EndGlobalSection
	GlobalSection(ExtensibilityGlobals) = postSolution
		SolutionGuid = {6D6784A9-E4A9-43D8-A221-499486D02183}
	EndGlobalSection
EndGlobal
